
Microsoft Visual Studio Solution File, Format Version 12.00
# Visual Studio Version 17
VisualStudioVersion = 17.8.34525.116
MinimumVisualStudioVersion = 10.0.40219.1
Project("{9A19103F-16F7-4668-BE54-9A1E7A4F7556}") = "UrlShortener", "UrlShortener.csproj", "{140F099C-0691-405C-83EC-F834B04D7C43}"
EndProject
Global
	GlobalSection(SolutionConfigurationPlatforms) = preSolution
		Debug|Any CPU = Debug|Any CPU
		Release|Any CPU = Release|Any CPU
	EndGlobalSection
	GlobalSection(ProjectConfigurationPlatforms) = postSolution
		{140F099C-0691-405C-83EC-F834B04D7C43}.Debug|Any CPU.ActiveCfg = Debug|Any CPU
		{140F099C-0691-405C-83EC-F834B04D7C43}.Debug|Any CPU.Build.0 = Debug|Any CPU
		{140F099C-0691-405C-83EC-F834B04D7C43}.Release|Any CPU.ActiveCfg = Release|Any CPU
		{140F099C-0691-405C-83EC-F834B04D7C43}.Release|Any CPU.Build.0 = Release|Any CPU
	EndGlobalSection
	GlobalSection(SolutionProperties) = preSolution
		HideSolutionNode = FALSE
	EndGlobalSection
	GlobalSection(ExtensibilityGlobals) = postSolution
		SolutionGuid = {C09AE9E7-6030-4AE8-BD4D-F4B17A2E0AD2}
	EndGlobalSection
EndGlobal
